
Microsoft Visual Studio Solution File, Format Version 12.00
# Visual Studio Version 16
VisualStudioVersion = 16.0.31515.178
MinimumVisualStudioVersion = 10.0.40219.1
Project("{FAE04EC0-301F-11D3-BF4B-00C04F79EFBC}") = "Boros_Daniel", "Boros_Daniel.csproj", "{50BB21FC-8927-4DC0-9C25-147F665DA902}"
EndProject
Global
	GlobalSection(SolutionConfigurationPlatforms) = preSolution
		Debug|Any CPU = Debug|Any CPU
		Release|Any CPU = Release|Any CPU
	EndGlobalSection
	GlobalSection(ProjectConfigurationPlatforms) = postSolution
		{50BB21FC-8927-4DC0-9C25-147F665DA902}.Debug|Any CPU.ActiveCfg = Debug|Any CPU
		{50BB21FC-8927-4DC0-9C25-147F665DA902}.Debug|Any CPU.Build.0 = Debug|Any CPU
		{50BB21FC-8927-4DC0-9C25-147F665DA902}.Release|Any CPU.ActiveCfg = Release|Any CPU
		{50BB21FC-8927-4DC0-9C25-147F665DA902}.Release|Any CPU.Build.0 = Release|Any CPU
	EndGlobalSection
	GlobalSection(SolutionProperties) = preSolution
		HideSolutionNode = FALSE
	EndGlobalSection
	GlobalSection(ExtensibilityGlobals) = postSolution
		SolutionGuid = {8923957D-4750-4234-8546-D556EE7BBC77}
	EndGlobalSection
EndGlobal
